
Microsoft Visual Studio Solution File, Format Version 12.00
# Visual Studio Version 17
VisualStudioVersion = 17.8.34309.116
MinimumVisualStudioVersion = 10.0.40219.1
Project("{FAE04EC0-301F-11D3-BF4B-00C04F79EFBC}") = "IspExample3", "IspExample3\IspExample3.csproj", "{527283B4-5D52-4BD8-8402-088075883663}"
EndProject
Global
	GlobalSection(SolutionConfigurationPlatforms) = preSolution
		Debug|Any CPU = Debug|Any CPU
		Release|Any CPU = Release|Any CPU
	EndGlobalSection
	GlobalSection(ProjectConfigurationPlatforms) = postSolution
		{527283B4-5D52-4BD8-8402-088075883663}.Debug|Any CPU.ActiveCfg = Debug|Any CPU
		{527283B4-5D52-4BD8-8402-088075883663}.Debug|Any CPU.Build.0 = Debug|Any CPU
		{527283B4-5D52-4BD8-8402-088075883663}.Release|Any CPU.ActiveCfg = Release|Any CPU
		{527283B4-5D52-4BD8-8402-088075883663}.Release|Any CPU.Build.0 = Release|Any CPU
	EndGlobalSection
	GlobalSection(SolutionProperties) = preSolution
		HideSolutionNode = FALSE
	EndGlobalSection
	GlobalSection(ExtensibilityGlobals) = postSolution
		SolutionGuid = {3C91C665-410D-4EE4-86FD-E526B2C535EB}
	EndGlobalSection
EndGlobal
