
Microsoft Visual Studio Solution File, Format Version 12.00
# Visual Studio Version 17
VisualStudioVersion = 17.8.34309.116
MinimumVisualStudioVersion = 10.0.40219.1
Project("{FAE04EC0-301F-11D3-BF4B-00C04F79EFBC}") = "HelloStruct", "HelloStruct\HelloStruct.csproj", "{70F1A068-6C79-4D7D-8FC2-54DB2C33C523}"
EndProject
Global
	GlobalSection(SolutionConfigurationPlatforms) = preSolution
		Debug|Any CPU = Debug|Any CPU
		Release|Any CPU = Release|Any CPU
	EndGlobalSection
	GlobalSection(ProjectConfigurationPlatforms) = postSolution
		{70F1A068-6C79-4D7D-8FC2-54DB2C33C523}.Debug|Any CPU.ActiveCfg = Debug|Any CPU
		{70F1A068-6C79-4D7D-8FC2-54DB2C33C523}.Debug|Any CPU.Build.0 = Debug|Any CPU
		{70F1A068-6C79-4D7D-8FC2-54DB2C33C523}.Release|Any CPU.ActiveCfg = Release|Any CPU
		{70F1A068-6C79-4D7D-8FC2-54DB2C33C523}.Release|Any CPU.Build.0 = Release|Any CPU
	EndGlobalSection
	GlobalSection(SolutionProperties) = preSolution
		HideSolutionNode = FALSE
	EndGlobalSection
	GlobalSection(ExtensibilityGlobals) = postSolution
		SolutionGuid = {92F86253-6136-4E18-AF84-6A50CEB0FF2B}
	EndGlobalSection
EndGlobal
