
Microsoft Visual Studio Solution File, Format Version 12.00
# Visual Studio Version 17
VisualStudioVersion = 17.8.34309.116
MinimumVisualStudioVersion = 10.0.40219.1
Project("{FAE04EC0-301F-11D3-BF4B-00C04F79EFBC}") = "MyExample", "MyExample\MyExample.csproj", "{F62E62A5-D46F-43AE-84FA-E566D3DD004C}"
EndProject
Global
	GlobalSection(SolutionConfigurationPlatforms) = preSolution
		Debug|Any CPU = Debug|Any CPU
		Release|Any CPU = Release|Any CPU
	EndGlobalSection
	GlobalSection(ProjectConfigurationPlatforms) = postSolution
		{F62E62A5-D46F-43AE-84FA-E566D3DD004C}.Debug|Any CPU.ActiveCfg = Debug|Any CPU
		{F62E62A5-D46F-43AE-84FA-E566D3DD004C}.Debug|Any CPU.Build.0 = Debug|Any CPU
		{F62E62A5-D46F-43AE-84FA-E566D3DD004C}.Release|Any CPU.ActiveCfg = Release|Any CPU
		{F62E62A5-D46F-43AE-84FA-E566D3DD004C}.Release|Any CPU.Build.0 = Release|Any CPU
	EndGlobalSection
	GlobalSection(SolutionProperties) = preSolution
		HideSolutionNode = FALSE
	EndGlobalSection
	GlobalSection(ExtensibilityGlobals) = postSolution
		SolutionGuid = {2DA199BA-57D9-4BDC-AEE3-84C039567797}
	EndGlobalSection
EndGlobal
