
Microsoft Visual Studio Solution File, Format Version 12.00
# Visual Studio Version 17
VisualStudioVersion = 17.8.34309.116
MinimumVisualStudioVersion = 10.0.40219.1
Project("{FAE04EC0-301F-11D3-BF4B-00C04F79EFBC}") = "StaticSample", "StaticSample\StaticSample.csproj", "{EB26A54C-007D-4DB7-851C-253746A9B4C8}"
EndProject
Global
	GlobalSection(SolutionConfigurationPlatforms) = preSolution
		Debug|Any CPU = Debug|Any CPU
		Release|Any CPU = Release|Any CPU
	EndGlobalSection
	GlobalSection(ProjectConfigurationPlatforms) = postSolution
		{EB26A54C-007D-4DB7-851C-253746A9B4C8}.Debug|Any CPU.ActiveCfg = Debug|Any CPU
		{EB26A54C-007D-4DB7-851C-253746A9B4C8}.Debug|Any CPU.Build.0 = Debug|Any CPU
		{EB26A54C-007D-4DB7-851C-253746A9B4C8}.Release|Any CPU.ActiveCfg = Release|Any CPU
		{EB26A54C-007D-4DB7-851C-253746A9B4C8}.Release|Any CPU.Build.0 = Release|Any CPU
	EndGlobalSection
	GlobalSection(SolutionProperties) = preSolution
		HideSolutionNode = FALSE
	EndGlobalSection
	GlobalSection(ExtensibilityGlobals) = postSolution
		SolutionGuid = {BE48D8BF-4869-437C-87B0-426B6DF1EDF1}
	EndGlobalSection
EndGlobal
