
Microsoft Visual Studio Solution File, Format Version 12.00
# Visual Studio Version 17
VisualStudioVersion = 17.8.34309.116
MinimumVisualStudioVersion = 10.0.40219.1
Project("{FAE04EC0-301F-11D3-BF4B-00C04F79EFBC}") = "HelloClass", "HelloClass\HelloClass.csproj", "{30EAEEAA-B1D0-4822-A0A1-A0C7B617638C}"
EndProject
Global
	GlobalSection(SolutionConfigurationPlatforms) = preSolution
		Debug|Any CPU = Debug|Any CPU
		Release|Any CPU = Release|Any CPU
	EndGlobalSection
	GlobalSection(ProjectConfigurationPlatforms) = postSolution
		{30EAEEAA-B1D0-4822-A0A1-A0C7B617638C}.Debug|Any CPU.ActiveCfg = Debug|Any CPU
		{30EAEEAA-B1D0-4822-A0A1-A0C7B617638C}.Debug|Any CPU.Build.0 = Debug|Any CPU
		{30EAEEAA-B1D0-4822-A0A1-A0C7B617638C}.Release|Any CPU.ActiveCfg = Release|Any CPU
		{30EAEEAA-B1D0-4822-A0A1-A0C7B617638C}.Release|Any CPU.Build.0 = Release|Any CPU
	EndGlobalSection
	GlobalSection(SolutionProperties) = preSolution
		HideSolutionNode = FALSE
	EndGlobalSection
	GlobalSection(ExtensibilityGlobals) = postSolution
		SolutionGuid = {2A17C1FB-AD43-4337-BD45-913D961A281B}
	EndGlobalSection
EndGlobal
