
Microsoft Visual Studio Solution File, Format Version 12.00
# Visual Studio Version 17
VisualStudioVersion = 17.8.34309.116
MinimumVisualStudioVersion = 10.0.40219.1
Project("{FAE04EC0-301F-11D3-BF4B-00C04F79EFBC}") = "StackOverflow", "StackOverflow\StackOverflow.csproj", "{C09EFB79-6344-4EFC-9D69-335377626E96}"
EndProject
Global
	GlobalSection(SolutionConfigurationPlatforms) = preSolution
		Debug|Any CPU = Debug|Any CPU
		Release|Any CPU = Release|Any CPU
	EndGlobalSection
	GlobalSection(ProjectConfigurationPlatforms) = postSolution
		{C09EFB79-6344-4EFC-9D69-335377626E96}.Debug|Any CPU.ActiveCfg = Debug|Any CPU
		{C09EFB79-6344-4EFC-9D69-335377626E96}.Debug|Any CPU.Build.0 = Debug|Any CPU
		{C09EFB79-6344-4EFC-9D69-335377626E96}.Release|Any CPU.ActiveCfg = Release|Any CPU
		{C09EFB79-6344-4EFC-9D69-335377626E96}.Release|Any CPU.Build.0 = Release|Any CPU
	EndGlobalSection
	GlobalSection(SolutionProperties) = preSolution
		HideSolutionNode = FALSE
	EndGlobalSection
	GlobalSection(ExtensibilityGlobals) = postSolution
		SolutionGuid = {136902FB-55AE-4265-A4F1-B26720D492DD}
	EndGlobalSection
EndGlobal
