
Microsoft Visual Studio Solution File, Format Version 12.00
# Visual Studio Version 17
VisualStudioVersion = 17.8.34309.116
MinimumVisualStudioVersion = 10.0.40219.1
Project("{FAE04EC0-301F-11D3-BF4B-00C04F79EFBC}") = "Combine2", "Combine2\Combine2.csproj", "{32045F5D-145B-47C4-A010-8DD2C981E539}"
EndProject
Global
	GlobalSection(SolutionConfigurationPlatforms) = preSolution
		Debug|Any CPU = Debug|Any CPU
		Release|Any CPU = Release|Any CPU
	EndGlobalSection
	GlobalSection(ProjectConfigurationPlatforms) = postSolution
		{32045F5D-145B-47C4-A010-8DD2C981E539}.Debug|Any CPU.ActiveCfg = Debug|Any CPU
		{32045F5D-145B-47C4-A010-8DD2C981E539}.Debug|Any CPU.Build.0 = Debug|Any CPU
		{32045F5D-145B-47C4-A010-8DD2C981E539}.Release|Any CPU.ActiveCfg = Release|Any CPU
		{32045F5D-145B-47C4-A010-8DD2C981E539}.Release|Any CPU.Build.0 = Release|Any CPU
	EndGlobalSection
	GlobalSection(SolutionProperties) = preSolution
		HideSolutionNode = FALSE
	EndGlobalSection
	GlobalSection(ExtensibilityGlobals) = postSolution
		SolutionGuid = {431D37AF-B446-462A-A81B-8B2ACF67CC16}
	EndGlobalSection
EndGlobal
