
Microsoft Visual Studio Solution File, Format Version 12.00
# Visual Studio Version 17
VisualStudioVersion = 17.8.34309.116
MinimumVisualStudioVersion = 10.0.40219.1
Project("{FAE04EC0-301F-11D3-BF4B-00C04F79EFBC}") = "Combine3", "Combine3\Combine3.csproj", "{D30FEF6A-EA5A-4A40-B18D-17E541264AB2}"
EndProject
Global
	GlobalSection(SolutionConfigurationPlatforms) = preSolution
		Debug|Any CPU = Debug|Any CPU
		Release|Any CPU = Release|Any CPU
	EndGlobalSection
	GlobalSection(ProjectConfigurationPlatforms) = postSolution
		{D30FEF6A-EA5A-4A40-B18D-17E541264AB2}.Debug|Any CPU.ActiveCfg = Debug|Any CPU
		{D30FEF6A-EA5A-4A40-B18D-17E541264AB2}.Debug|Any CPU.Build.0 = Debug|Any CPU
		{D30FEF6A-EA5A-4A40-B18D-17E541264AB2}.Release|Any CPU.ActiveCfg = Release|Any CPU
		{D30FEF6A-EA5A-4A40-B18D-17E541264AB2}.Release|Any CPU.Build.0 = Release|Any CPU
	EndGlobalSection
	GlobalSection(SolutionProperties) = preSolution
		HideSolutionNode = FALSE
	EndGlobalSection
	GlobalSection(ExtensibilityGlobals) = postSolution
		SolutionGuid = {67AC41EB-CB3F-4593-B2C5-A55F5556F2BA}
	EndGlobalSection
EndGlobal
