
Microsoft Visual Studio Solution File, Format Version 12.00
# Visual Studio Version 17
VisualStudioVersion = 17.8.34309.116
MinimumVisualStudioVersion = 10.0.40219.1
Project("{FAE04EC0-301F-11D3-BF4B-00C04F79EFBC}") = "TypeInCSharp", "TypeInCSharp\TypeInCSharp.csproj", "{C94094D2-B62E-4B95-97C7-0892E8CDD2EE}"
EndProject
Global
	GlobalSection(SolutionConfigurationPlatforms) = preSolution
		Debug|Any CPU = Debug|Any CPU
		Release|Any CPU = Release|Any CPU
	EndGlobalSection
	GlobalSection(ProjectConfigurationPlatforms) = postSolution
		{C94094D2-B62E-4B95-97C7-0892E8CDD2EE}.Debug|Any CPU.ActiveCfg = Debug|Any CPU
		{C94094D2-B62E-4B95-97C7-0892E8CDD2EE}.Debug|Any CPU.Build.0 = Debug|Any CPU
		{C94094D2-B62E-4B95-97C7-0892E8CDD2EE}.Release|Any CPU.ActiveCfg = Release|Any CPU
		{C94094D2-B62E-4B95-97C7-0892E8CDD2EE}.Release|Any CPU.Build.0 = Release|Any CPU
	EndGlobalSection
	GlobalSection(SolutionProperties) = preSolution
		HideSolutionNode = FALSE
	EndGlobalSection
	GlobalSection(ExtensibilityGlobals) = postSolution
		SolutionGuid = {CDF9E8B5-49F0-462D-8ED1-7439504A2408}
	EndGlobalSection
EndGlobal
