
Microsoft Visual Studio Solution File, Format Version 12.00
Project("{FAE04EC0-301F-11D3-BF4B-00C04F79EFBC}") = "HelloGeneric8", "HelloGeneric8\HelloGeneric8.csproj", "{87487FEE-E96D-403D-9992-31DEDC2767EA}"
EndProject
Global
	GlobalSection(SolutionConfigurationPlatforms) = preSolution
		Debug|Any CPU = Debug|Any CPU
		Release|Any CPU = Release|Any CPU
	EndGlobalSection
	GlobalSection(ProjectConfigurationPlatforms) = postSolution
		{87487FEE-E96D-403D-9992-31DEDC2767EA}.Debug|Any CPU.ActiveCfg = Debug|Any CPU
		{87487FEE-E96D-403D-9992-31DEDC2767EA}.Debug|Any CPU.Build.0 = Debug|Any CPU
		{87487FEE-E96D-403D-9992-31DEDC2767EA}.Release|Any CPU.ActiveCfg = Release|Any CPU
		{87487FEE-E96D-403D-9992-31DEDC2767EA}.Release|Any CPU.Build.0 = Release|Any CPU
	EndGlobalSection
EndGlobal
