
Microsoft Visual Studio Solution File, Format Version 12.00
# Visual Studio Version 17
VisualStudioVersion = 17.8.34309.116
MinimumVisualStudioVersion = 10.0.40219.1
Project("{FAE04EC0-301F-11D3-BF4B-00C04F79EFBC}") = "WinFormsApp1", "WinFormsApp1\WinFormsApp1.csproj", "{C1E7ABDC-D9EF-43C0-9777-F3F7C9EE6EBC}"
EndProject
Global
	GlobalSection(SolutionConfigurationPlatforms) = preSolution
		Debug|Any CPU = Debug|Any CPU
		Release|Any CPU = Release|Any CPU
	EndGlobalSection
	GlobalSection(ProjectConfigurationPlatforms) = postSolution
		{C1E7ABDC-D9EF-43C0-9777-F3F7C9EE6EBC}.Debug|Any CPU.ActiveCfg = Debug|Any CPU
		{C1E7ABDC-D9EF-43C0-9777-F3F7C9EE6EBC}.Debug|Any CPU.Build.0 = Debug|Any CPU
		{C1E7ABDC-D9EF-43C0-9777-F3F7C9EE6EBC}.Release|Any CPU.ActiveCfg = Release|Any CPU
		{C1E7ABDC-D9EF-43C0-9777-F3F7C9EE6EBC}.Release|Any CPU.Build.0 = Release|Any CPU
	EndGlobalSection
	GlobalSection(SolutionProperties) = preSolution
		HideSolutionNode = FALSE
	EndGlobalSection
	GlobalSection(ExtensibilityGlobals) = postSolution
		SolutionGuid = {4B44E006-BF08-4CD9-96B0-CDCD1BEEB970}
	EndGlobalSection
EndGlobal
