
Microsoft Visual Studio Solution File, Format Version 12.00
# Visual Studio Version 17
VisualStudioVersion = 17.8.34309.116
MinimumVisualStudioVersion = 10.0.40219.1
Project("{9A19103F-16F7-4668-BE54-9A1E7A4F7556}") = "BabyStroller.App", "BabyStroller\BabyStroller.App.csproj", "{5E642DC5-EE81-4BFC-8394-7207B59AAB49}"
EndProject
Project("{FAE04EC0-301F-11D3-BF4B-00C04F79EFBC}") = "BabyStroller.SDK", "BabyStroller.SDK\BabyStroller.SDK.csproj", "{259E6CC5-4259-4F7F-8776-53663C5D5D58}"
EndProject
Global
	GlobalSection(SolutionConfigurationPlatforms) = preSolution
		Debug|Any CPU = Debug|Any CPU
		Release|Any CPU = Release|Any CPU
	EndGlobalSection
	GlobalSection(ProjectConfigurationPlatforms) = postSolution
		{5E642DC5-EE81-4BFC-8394-7207B59AAB49}.Debug|Any CPU.ActiveCfg = Debug|Any CPU
		{5E642DC5-EE81-4BFC-8394-7207B59AAB49}.Debug|Any CPU.Build.0 = Debug|Any CPU
		{5E642DC5-EE81-4BFC-8394-7207B59AAB49}.Release|Any CPU.ActiveCfg = Release|Any CPU
		{5E642DC5-EE81-4BFC-8394-7207B59AAB49}.Release|Any CPU.Build.0 = Release|Any CPU
		{259E6CC5-4259-4F7F-8776-53663C5D5D58}.Debug|Any CPU.ActiveCfg = Debug|Any CPU
		{259E6CC5-4259-4F7F-8776-53663C5D5D58}.Debug|Any CPU.Build.0 = Debug|Any CPU
		{259E6CC5-4259-4F7F-8776-53663C5D5D58}.Release|Any CPU.ActiveCfg = Release|Any CPU
		{259E6CC5-4259-4F7F-8776-53663C5D5D58}.Release|Any CPU.Build.0 = Release|Any CPU
	EndGlobalSection
	GlobalSection(SolutionProperties) = preSolution
		HideSolutionNode = FALSE
	EndGlobalSection
	GlobalSection(ExtensibilityGlobals) = postSolution
		SolutionGuid = {DE6166F5-B924-46BC-A029-A80FB98341B1}
	EndGlobalSection
EndGlobal
