
Microsoft Visual Studio Solution File, Format Version 12.00
Project("{FAE04EC0-301F-11D3-BF4B-00C04F79EFBC}") = "HelloGeneric7", "HelloGeneric7\HelloGeneric7.csproj", "{423545DE-A5AE-4F9F-934D-23B4B1A27E3B}"
EndProject
Global
	GlobalSection(SolutionConfigurationPlatforms) = preSolution
		Debug|Any CPU = Debug|Any CPU
		Release|Any CPU = Release|Any CPU
	EndGlobalSection
	GlobalSection(ProjectConfigurationPlatforms) = postSolution
		{423545DE-A5AE-4F9F-934D-23B4B1A27E3B}.Debug|Any CPU.ActiveCfg = Debug|Any CPU
		{423545DE-A5AE-4F9F-934D-23B4B1A27E3B}.Debug|Any CPU.Build.0 = Debug|Any CPU
		{423545DE-A5AE-4F9F-934D-23B4B1A27E3B}.Release|Any CPU.ActiveCfg = Release|Any CPU
		{423545DE-A5AE-4F9F-934D-23B4B1A27E3B}.Release|Any CPU.Build.0 = Release|Any CPU
	EndGlobalSection
EndGlobal
