
Microsoft Visual Studio Solution File, Format Version 12.00
# Visual Studio Version 17
VisualStudioVersion = 17.8.34309.116
MinimumVisualStudioVersion = 10.0.40219.1
Project("{FAE04EC0-301F-11D3-BF4B-00C04F79EFBC}") = "HappyWPF2", "HappyWPF2\HappyWPF2.csproj", "{F621BE73-F787-41C8-8C56-CADCF8A3E8DF}"
EndProject
Global
	GlobalSection(SolutionConfigurationPlatforms) = preSolution
		Debug|Any CPU = Debug|Any CPU
		Release|Any CPU = Release|Any CPU
	EndGlobalSection
	GlobalSection(ProjectConfigurationPlatforms) = postSolution
		{F621BE73-F787-41C8-8C56-CADCF8A3E8DF}.Debug|Any CPU.ActiveCfg = Debug|Any CPU
		{F621BE73-F787-41C8-8C56-CADCF8A3E8DF}.Debug|Any CPU.Build.0 = Debug|Any CPU
		{F621BE73-F787-41C8-8C56-CADCF8A3E8DF}.Release|Any CPU.ActiveCfg = Release|Any CPU
		{F621BE73-F787-41C8-8C56-CADCF8A3E8DF}.Release|Any CPU.Build.0 = Release|Any CPU
	EndGlobalSection
	GlobalSection(SolutionProperties) = preSolution
		HideSolutionNode = FALSE
	EndGlobalSection
	GlobalSection(ExtensibilityGlobals) = postSolution
		SolutionGuid = {0DE39B8B-0F0C-4C72-8D90-B7508E70A2B2}
	EndGlobalSection
EndGlobal
